// !$*UTF8*$!
{
	archiveVersion = 1;
	classes = {
	};
	objectVersion = 56;
	objects = {

/* Begin PBXBuildFile section */
		142EBC0A2B6AC35300A0BADB /* WebViewController.swift in Sources */ = {isa = PBXBuildFile; fileRef = 142EBC092B6AC35300A0BADB /* WebViewController.swift */; };
		142EBC0C2B6AC3A800A0BADB /* TableViewController.swift in Sources */ = {isa = PBXBuildFile; fileRef = 142EBC0B2B6AC3A800A0BADB /* TableViewController.swift */; };
		142EBC0E2B6AC81700A0BADB /* CourseCell.swift in Sources */ = {isa = PBXBuildFile; fileRef = 142EBC0D2B6AC81700A0BADB /* CourseCell.swift */; };
		142EBC102B6ACD4A00A0BADB /* Course.swift in Sources */ = {isa = PBXBuildFile; fileRef = 142EBC0F2B6ACD4A00A0BADB /* Course.swift */; };
		14AFB1162B66AEBA0072E32A /* AppDelegate.swift in Sources */ = {isa = PBXBuildFile; fileRef = 14AFB1152B66AEBA0072E32A /* AppDelegate.swift */; };
		14AFB1182B66AEBA0072E32A /* SceneDelegate.swift in Sources */ = {isa = PBXBuildFile; fileRef = 14AFB1172B66AEBA0072E32A /* SceneDelegate.swift */; };
		14AFB11A2B66AEBA0072E32A /* ViewController.swift in Sources */ = {isa = PBXBuildFile; fileRef = 14AFB1192B66AEBA0072E32A /* ViewController.swift */; };
		14AFB11D2B66AEBA0072E32A /* Main.storyboard in Resources */ = {isa = PBXBuildFile; fileRef = 14AFB11B2B66AEBA0072E32A /* Main.storyboard */; };
		14AFB11F2B66AEBB0072E32A /* Assets.xcassets in Resources */ = {isa = PBXBuildFile; fileRef = 14AFB11E2B66AEBB0072E32A /* Assets.xcassets */; };
		14AFB1222B66AEBB0072E32A /* LaunchScreen.storyboard in Resources */ = {isa = PBXBuildFile; fileRef = 14AFB1202B66AEBB0072E32A /* LaunchScreen.storyboard */; };
		14AFB12D2B66AEBC0072E32A /* PostGetRequestTests.swift in Sources */ = {isa = PBXBuildFile; fileRef = 14AFB12C2B66AEBC0072E32A /* PostGetRequestTests.swift */; };
		14AFB1372B66AEBC0072E32A /* PostGetRequestUITests.swift in Sources */ = {isa = PBXBuildFile; fileRef = 14AFB1362B66AEBC0072E32A /* PostGetRequestUITests.swift */; };
		14AFB1392B66AEBC0072E32A /* PostGetRequestUITestsLaunchTests.swift in Sources */ = {isa = PBXBuildFile; fileRef = 14AFB1382B66AEBC0072E32A /* PostGetRequestUITestsLaunchTests.swift */; };
		14AFB1462B66AF730072E32A /* ImageViewController.swift in Sources */ = {isa = PBXBuildFile; fileRef = 14AFB1452B66AF730072E32A /* ImageViewController.swift */; };
/* End PBXBuildFile section */

/* Begin PBXContainerItemProxy section */
		14AFB1292B66AEBC0072E32A /* PBXContainerItemProxy */ = {
			isa = PBXContainerItemProxy;
			containerPortal = 14AFB10A2B66AEBA0072E32A /* Project object */;
			proxyType = 1;
			remoteGlobalIDString = 14AFB1112B66AEBA0072E32A;
			remoteInfo = PostGetRequest;
		};
		14AFB1332B66AEBC0072E32A /* PBXContainerItemProxy */ = {
			isa = PBXContainerItemProxy;
			containerPortal = 14AFB10A2B66AEBA0072E32A /* Project object */;
			proxyType = 1;
			remoteGlobalIDString = 14AFB1112B66AEBA0072E32A;
			remoteInfo = PostGetRequest;
		};
/* End PBXContainerItemProxy section */

/* Begin PBXFileReference section */
		142EBC092B6AC35300A0BADB /* WebViewController.swift */ = {isa = PBXFileReference; lastKnownFileType = sourcecode.swift; path = WebViewController.swift; sourceTree = "<group>"; };
		142EBC0B2B6AC3A800A0BADB /* TableViewController.swift */ = {isa = PBXFileReference; lastKnownFileType = sourcecode.swift; path = TableViewController.swift; sourceTree = "<group>"; };
		142EBC0D2B6AC81700A0BADB /* CourseCell.swift */ = {isa = PBXFileReference; lastKnownFileType = sourcecode.swift; path = CourseCell.swift; sourceTree = "<group>"; };
		142EBC0F2B6ACD4A00A0BADB /* Course.swift */ = {isa = PBXFileReference; lastKnownFileType = sourcecode.swift; path = Course.swift; sourceTree = "<group>"; };
		14AFB1122B66AEBA0072E32A /* PostGetRequest.app */ = {isa = PBXFileReference; explicitFileType = wrapper.application; includeInIndex = 0; path = PostGetRequest.app; sourceTree = BUILT_PRODUCTS_DIR; };
		14AFB1152B66AEBA0072E32A /* AppDelegate.swift */ = {isa = PBXFileReference; lastKnownFileType = sourcecode.swift; path = AppDelegate.swift; sourceTree = "<group>"; };
		14AFB1172B66AEBA0072E32A /* SceneDelegate.swift */ = {isa = PBXFileReference; lastKnownFileType = sourcecode.swift; path = SceneDelegate.swift; sourceTree = "<group>"; };
		14AFB1192B66AEBA0072E32A /* ViewController.swift */ = {isa = PBXFileReference; lastKnownFileType = sourcecode.swift; path = ViewController.swift; sourceTree = "<group>"; };
		14AFB11C2B66AEBA0072E32A /* Base */ = {isa = PBXFileReference; lastKnownFileType = file.storyboard; name = Base; path = Base.lproj/Main.storyboard; sourceTree = "<group>"; };
		14AFB11E2B66AEBB0072E32A /* Assets.xcassets */ = {isa = PBXFileReference; lastKnownFileType = folder.assetcatalog; path = Assets.xcassets; sourceTree = "<group>"; };
		14AFB1212B66AEBB0072E32A /* Base */ = {isa = PBXFileReference; lastKnownFileType = file.storyboard; name = Base; path = Base.lproj/LaunchScreen.storyboard; sourceTree = "<group>"; };
		14AFB1232B66AEBB0072E32A /* Info.plist */ = {isa = PBXFileReference; lastKnownFileType = text.plist.xml; path = Info.plist; sourceTree = "<group>"; };
		14AFB1282B66AEBC0072E32A /* PostGetRequestTests.xctest */ = {isa = PBXFileReference; explicitFileType = wrapper.cfbundle; includeInIndex = 0; path = PostGetRequestTests.xctest; sourceTree = BUILT_PRODUCTS_DIR; };
		14AFB12C2B66AEBC0072E32A /* PostGetRequestTests.swift */ = {isa = PBXFileReference; lastKnownFileType = sourcecode.swift; path = PostGetRequestTests.swift; sourceTree = "<group>"; };
		14AFB1322B66AEBC0072E32A /* PostGetRequestUITests.xctest */ = {isa = PBXFileReference; explicitFileType = wrapper.cfbundle; includeInIndex = 0; path = PostGetRequestUITests.xctest; sourceTree = BUILT_PRODUCTS_DIR; };
		14AFB1362B66AEBC0072E32A /* PostGetRequestUITests.swift */ = {isa = PBXFileReference; lastKnownFileType = sourcecode.swift; path = PostGetRequestUITests.swift; sourceTree = "<group>"; };
		14AFB1382B66AEBC0072E32A /* PostGetRequestUITestsLaunchTests.swift */ = {isa = PBXFileReference; lastKnownFileType = sourcecode.swift; path = PostGetRequestUITestsLaunchTests.swift; sourceTree = "<group>"; };
		14AFB1452B66AF730072E32A /* ImageViewController.swift */ = {isa = PBXFileReference; lastKnownFileType = sourcecode.swift; path = ImageViewController.swift; sourceTree = "<group>"; };
/* End PBXFileReference section */

/* Begin PBXFrameworksBuildPhase section */
		14AFB10F2B66AEBA0072E32A /* Frameworks */ = {
			isa = PBXFrameworksBuildPhase;
			buildActionMask = 2147483647;
			files = (
			);
			runOnlyForDeploymentPostprocessing = 0;
		};
		14AFB1252B66AEBC0072E32A /* Frameworks */ = {
			isa = PBXFrameworksBuildPhase;
			buildActionMask = 2147483647;
			files = (
			);
			runOnlyForDeploymentPostprocessing = 0;
		};
		14AFB12F2B66AEBC0072E32A /* Frameworks */ = {
			isa = PBXFrameworksBuildPhase;
			buildActionMask = 2147483647;
			files = (
			);
			runOnlyForDeploymentPostprocessing = 0;
		};
/* End PBXFrameworksBuildPhase section */

/* Begin PBXGroup section */
		14AFB1092B66AEBA0072E32A = {
			isa = PBXGroup;
			children = (
				14AFB1142B66AEBA0072E32A /* PostGetRequest */,
				14AFB12B2B66AEBC0072E32A /* PostGetRequestTests */,
				14AFB1352B66AEBC0072E32A /* PostGetRequestUITests */,
				14AFB1132B66AEBA0072E32A /* Products */,
			);
			sourceTree = "<group>";
		};
		14AFB1132B66AEBA0072E32A /* Products */ = {
			isa = PBXGroup;
			children = (
				14AFB1122B66AEBA0072E32A /* PostGetRequest.app */,
				14AFB1282B66AEBC0072E32A /* PostGetRequestTests.xctest */,
				14AFB1322B66AEBC0072E32A /* PostGetRequestUITests.xctest */,
			);
			name = Products;
			sourceTree = "<group>";
		};
		14AFB1142B66AEBA0072E32A /* PostGetRequest */ = {
			isa = PBXGroup;
			children = (
				14AFB1152B66AEBA0072E32A /* AppDelegate.swift */,
				14AFB1172B66AEBA0072E32A /* SceneDelegate.swift */,
				14AFB1192B66AEBA0072E32A /* ViewController.swift */,
				14AFB1452B66AF730072E32A /* ImageViewController.swift */,
				142EBC0B2B6AC3A800A0BADB /* TableViewController.swift */,
				142EBC092B6AC35300A0BADB /* WebViewController.swift */,
				142EBC0D2B6AC81700A0BADB /* CourseCell.swift */,
				142EBC0F2B6ACD4A00A0BADB /* Course.swift */,
				14AFB11E2B66AEBB0072E32A /* Assets.xcassets */,
				14AFB11B2B66AEBA0072E32A /* Main.storyboard */,
				14AFB1202B66AEBB0072E32A /* LaunchScreen.storyboard */,
				14AFB1232B66AEBB0072E32A /* Info.plist */,
			);
			path = PostGetRequest;
			sourceTree = "<group>";
		};
		14AFB12B2B66AEBC0072E32A /* PostGetRequestTests */ = {
			isa = PBXGroup;
			children = (
				14AFB12C2B66AEBC0072E32A /* PostGetRequestTests.swift */,
			);
			path = PostGetRequestTests;
			sourceTree = "<group>";
		};
		14AFB1352B66AEBC0072E32A /* PostGetRequestUITests */ = {
			isa = PBXGroup;
			children = (
				14AFB1362B66AEBC0072E32A /* PostGetRequestUITests.swift */,
				14AFB1382B66AEBC0072E32A /* PostGetRequestUITestsLaunchTests.swift */,
			);
			path = PostGetRequestUITests;
			sourceTree = "<group>";
		};
/* End PBXGroup section */

/* Begin PBXNativeTarget section */
		14AFB1112B66AEBA0072E32A /* PostGetRequest */ = {
			isa = PBXNativeTarget;
			buildConfigurationList = 14AFB13C2B66AEBC0072E32A /* Build configuration list for PBXNativeTarget "PostGetRequest" */;
			buildPhases = (
				14AFB10E2B66AEBA0072E32A /* Sources */,
				14AFB10F2B66AEBA0072E32A /* Frameworks */,
				14AFB1102B66AEBA0072E32A /* Resources */,
			);
			buildRules = (
			);
			dependencies = (
			);
			name = PostGetRequest;
			productName = PostGetRequest;
			productReference = 14AFB1122B66AEBA0072E32A /* PostGetRequest.app */;
			productType = "com.apple.product-type.application";
		};
		14AFB1272B66AEBC0072E32A /* PostGetRequestTests */ = {
			isa = PBXNativeTarget;
			buildConfigurationList = 14AFB13F2B66AEBC0072E32A /* Build configuration list for PBXNativeTarget "PostGetRequestTests" */;
			buildPhases = (
				14AFB1242B66AEBC0072E32A /* Sources */,
				14AFB1252B66AEBC0072E32A /* Frameworks */,
				14AFB1262B66AEBC0072E32A /* Resources */,
			);
			buildRules = (
			);
			dependencies = (
				14AFB12A2B66AEBC0072E32A /* PBXTargetDependency */,
			);
			name = PostGetRequestTests;
			productName = PostGetRequestTests;
			productReference = 14AFB1282B66AEBC0072E32A /* PostGetRequestTests.xctest */;
			productType = "com.apple.product-type.bundle.unit-test";
		};
		14AFB1312B66AEBC0072E32A /* PostGetRequestUITests */ = {
			isa = PBXNativeTarget;
			buildConfigurationList = 14AFB1422B66AEBC0072E32A /* Build configuration list for PBXNativeTarget "PostGetRequestUITests" */;
			buildPhases = (
				14AFB12E2B66AEBC0072E32A /* Sources */,
				14AFB12F2B66AEBC0072E32A /* Frameworks */,
				14AFB1302B66AEBC0072E32A /* Resources */,
			);
			buildRules = (
			);
			dependencies = (
				14AFB1342B66AEBC0072E32A /* PBXTargetDependency */,
			);
			name = PostGetRequestUITests;
			productName = PostGetRequestUITests;
			productReference = 14AFB1322B66AEBC0072E32A /* PostGetRequestUITests.xctest */;
			productType = "com.apple.product-type.bundle.ui-testing";
		};
/* End PBXNativeTarget section */

/* Begin PBXProject section */
		14AFB10A2B66AEBA0072E32A /* Project object */ = {
			isa = PBXProject;
			attributes = {
				BuildIndependentTargetsInParallel = 1;
				LastSwiftUpdateCheck = 1510;
				LastUpgradeCheck = 1510;
				TargetAttributes = {
					14AFB1112B66AEBA0072E32A = {
						CreatedOnToolsVersion = 15.1;
					};
					14AFB1272B66AEBC0072E32A = {
						CreatedOnToolsVersion = 15.1;
						TestTargetID = 14AFB1112B66AEBA0072E32A;
					};
					14AFB1312B66AEBC0072E32A = {
						CreatedOnToolsVersion = 15.1;
						TestTargetID = 14AFB1112B66AEBA0072E32A;
					};
				};
			};
			buildConfigurationList = 14AFB10D2B66AEBA0072E32A /* Build configuration list for PBXProject "PostGetRequest" */;
			compatibilityVersion = "Xcode 14.0";
			developmentRegion = en;
			hasScannedForEncodings = 0;
			knownRegions = (
				en,
				Base,
			);
			mainGroup = 14AFB1092B66AEBA0072E32A;
			productRefGroup = 14AFB1132B66AEBA0072E32A /* Products */;
			projectDirPath = "";
			projectRoot = "";
			targets = (
				14AFB1112B66AEBA0072E32A /* PostGetRequest */,
				14AFB1272B66AEBC0072E32A /* PostGetRequestTests */,
				14AFB1312B66AEBC0072E32A /* PostGetRequestUITests */,
			);
		};
/* End PBXProject section */

/* Begin PBXResourcesBuildPhase section */
		14AFB1102B66AEBA0072E32A /* Resources */ = {
			isa = PBXResourcesBuildPhase;
			buildActionMask = 2147483647;
			files = (
				14AFB1222B66AEBB0072E32A /* LaunchScreen.storyboard in Resources */,
				14AFB11F2B66AEBB0072E32A /* Assets.xcassets in Resources */,
				14AFB11D2B66AEBA0072E32A /* Main.storyboard in Resources */,
			);
			runOnlyForDeploymentPostprocessing = 0;
		};
		14AFB1262B66AEBC0072E32A /* Resources */ = {
			isa = PBXResourcesBuildPhase;
			buildActionMask = 2147483647;
			files = (
			);
			runOnlyForDeploymentPostprocessing = 0;
		};
		14AFB1302B66AEBC0072E32A /* Resources */ = {
			isa = PBXResourcesBuildPhase;
			buildActionMask = 2147483647;
			files = (
			);
			runOnlyForDeploymentPostprocessing = 0;
		};
/* End PBXResourcesBuildPhase section */

/* Begin PBXSourcesBuildPhase section */
		14AFB10E2B66AEBA0072E32A /* Sources */ = {
			isa = PBXSourcesBuildPhase;
			buildActionMask = 2147483647;
			files = (
				142EBC102B6ACD4A00A0BADB /* Course.swift in Sources */,
				14AFB11A2B66AEBA0072E32A /* ViewController.swift in Sources */,
				142EBC0C2B6AC3A800A0BADB /* TableViewController.swift in Sources */,
				142EBC0A2B6AC35300A0BADB /* WebViewController.swift in Sources */,
				142EBC0E2B6AC81700A0BADB /* CourseCell.swift in Sources */,
				14AFB1162B66AEBA0072E32A /* AppDelegate.swift in Sources */,
				14AFB1462B66AF730072E32A /* ImageViewController.swift in Sources */,
				14AFB1182B66AEBA0072E32A /* SceneDelegate.swift in Sources */,
			);
			runOnlyForDeploymentPostprocessing = 0;
		};
		14AFB1242B66AEBC0072E32A /* Sources */ = {
			isa = PBXSourcesBuildPhase;
			buildActionMask = 2147483647;
			files = (
				14AFB12D2B66AEBC0072E32A /* PostGetRequestTests.swift in Sources */,
			);
			runOnlyForDeploymentPostprocessing = 0;
		};
		14AFB12E2B66AEBC0072E32A /* Sources */ = {
			isa = PBXSourcesBuildPhase;
			buildActionMask = 2147483647;
			files = (
				14AFB1372B66AEBC0072E32A /* PostGetRequestUITests.swift in Sources */,
				14AFB1392B66AEBC0072E32A /* PostGetRequestUITestsLaunchTests.swift in Sources */,
			);
			runOnlyForDeploymentPostprocessing = 0;
		};
/* End PBXSourcesBuildPhase section */

/* Begin PBXTargetDependency section */
		14AFB12A2B66AEBC0072E32A /* PBXTargetDependency */ = {
			isa = PBXTargetDependency;
			target = 14AFB1112B66AEBA0072E32A /* PostGetRequest */;
			targetProxy = 14AFB1292B66AEBC0072E32A /* PBXContainerItemProxy */;
		};
		14AFB1342B66AEBC0072E32A /* PBXTargetDependency */ = {
			isa = PBXTargetDependency;
			target = 14AFB1112B66AEBA0072E32A /* PostGetRequest */;
			targetProxy = 14AFB1332B66AEBC0072E32A /* PBXContainerItemProxy */;
		};
/* End PBXTargetDependency section */

/* Begin PBXVariantGroup section */
		14AFB11B2B66AEBA0072E32A /* Main.storyboard */ = {
			isa = PBXVariantGroup;
			children = (
				14AFB11C2B66AEBA0072E32A /* Base */,
			);
			name = Main.storyboard;
			sourceTree = "<group>";
		};
		14AFB1202B66AEBB0072E32A /* LaunchScreen.storyboard */ = {
			isa = PBXVariantGroup;
			children = (
				14AFB1212B66AEBB0072E32A /* Base */,
			);
			name = LaunchScreen.storyboard;
			sourceTree = "<group>";
		};
/* End PBXVariantGroup section */

/* Begin XCBuildConfiguration section */
		14AFB13A2B66AEBC0072E32A /* Debug */ = {
			isa = XCBuildConfiguration;
			buildSettings = {
				ALWAYS_SEARCH_USER_PATHS = NO;
				ASSETCATALOG_COMPILER_GENERATE_SWIFT_ASSET_SYMBOL_EXTENSIONS = YES;
				CLANG_ANALYZER_NONNULL = YES;
				CLANG_ANALYZER_NUMBER_OBJECT_CONVERSION = YES_AGGRESSIVE;
				CLANG_CXX_LANGUAGE_STANDARD = "gnu++20";
				CLANG_ENABLE_MODULES = YES;
				CLANG_ENABLE_OBJC_ARC = YES;
				CLANG_ENABLE_OBJC_WEAK = YES;
				CLANG_WARN_BLOCK_CAPTURE_AUTORELEASING = YES;
				CLANG_WARN_BOOL_CONVERSION = YES;
				CLANG_WARN_COMMA = YES;
				CLANG_WARN_CONSTANT_CONVERSION = YES;
				CLANG_WARN_DEPRECATED_OBJC_IMPLEMENTATIONS = YES;
				CLANG_WARN_DIRECT_OBJC_ISA_USAGE = YES_ERROR;
				CLANG_WARN_DOCUMENTATION_COMMENTS = YES;
				CLANG_WARN_EMPTY_BODY = YES;
				CLANG_WARN_ENUM_CONVERSION = YES;
				CLANG_WARN_INFINITE_RECURSION = YES;
				CLANG_WARN_INT_CONVERSION = YES;
				CLANG_WARN_NON_LITERAL_NULL_CONVERSION = YES;
				CLANG_WARN_OBJC_IMPLICIT_RETAIN_SELF = YES;
				CLANG_WARN_OBJC_LITERAL_CONVERSION = YES;
				CLANG_WARN_OBJC_ROOT_CLASS = YES_ERROR;
				CLANG_WARN_QUOTED_INCLUDE_IN_FRAMEWORK_HEADER = YES;
				CLANG_WARN_RANGE_LOOP_ANALYSIS = YES;
				CLANG_WARN_STRICT_PROTOTYPES = YES;
				CLANG_WARN_SUSPICIOUS_MOVE = YES;
				CLANG_WARN_UNGUARDED_AVAILABILITY = YES_AGGRESSIVE;
				CLANG_WARN_UNREACHABLE_CODE = YES;
				CLANG_WARN__DUPLICATE_METHOD_MATCH = YES;
				COPY_PHASE_STRIP = NO;
				DEBUG_INFORMATION_FORMAT = dwarf;
				ENABLE_STRICT_OBJC_MSGSEND = YES;
				ENABLE_TESTABILITY = YES;
				ENABLE_USER_SCRIPT_SANDBOXING = YES;
				GCC_C_LANGUAGE_STANDARD = gnu17;
				GCC_DYNAMIC_NO_PIC = NO;
				GCC_NO_COMMON_BLOCKS = YES;
				GCC_OPTIMIZATION_LEVEL = 0;
				GCC_PREPROCESSOR_DEFINITIONS = (
					"DEBUG=1",
					"$(inherited)",
				);
				GCC_WARN_64_TO_32_BIT_CONVERSION = YES;
				GCC_WARN_ABOUT_RETURN_TYPE = YES_ERROR;
				GCC_WARN_UNDECLARED_SELECTOR = YES;
				GCC_WARN_UNINITIALIZED_AUTOS = YES_AGGRESSIVE;
				GCC_WARN_UNUSED_FUNCTION = YES;
				GCC_WARN_UNUSED_VARIABLE = YES;
				IPHONEOS_DEPLOYMENT_TARGET = 17.2;
				LOCALIZATION_PREFERS_STRING_CATALOGS = YES;
				MTL_ENABLE_DEBUG_INFO = INCLUDE_SOURCE;
				MTL_FAST_MATH = YES;
				ONLY_ACTIVE_ARCH = YES;
				SDKROOT = iphoneos;
				SWIFT_ACTIVE_COMPILATION_CONDITIONS = "DEBUG $(inherited)";
				SWIFT_OPTIMIZATION_LEVEL = "-Onone";
			};
			name = Debug;
		};
		14AFB13B2B66AEBC0072E32A /* Release */ = {
			isa = XCBuildConfiguration;
			buildSettings = {
				ALWAYS_SEARCH_USER_PATHS = NO;
				ASSETCATALOG_COMPILER_GENERATE_SWIFT_ASSET_SYMBOL_EXTENSIONS = YES;
				CLANG_ANALYZER_NONNULL = YES;
				CLANG_ANALYZER_NUMBER_OBJECT_CONVERSION = YES_AGGRESSIVE;
				CLANG_CXX_LANGUAGE_STANDARD = "gnu++20";
				CLANG_ENABLE_MODULES = YES;
				CLANG_ENABLE_OBJC_ARC = YES;
				CLANG_ENABLE_OBJC_WEAK = YES;
				CLANG_WARN_BLOCK_CAPTURE_AUTORELEASING = YES;
				CLANG_WARN_BOOL_CONVERSION = YES;
				CLANG_WARN_COMMA = YES;
				CLANG_WARN_CONSTANT_CONVERSION = YES;
				CLANG_WARN_DEPRECATED_OBJC_IMPLEMENTATIONS = YES;
				CLANG_WARN_DIRECT_OBJC_ISA_USAGE = YES_ERROR;
				CLANG_WARN_DOCUMENTATION_COMMENTS = YES;
				CLANG_WARN_EMPTY_BODY = YES;
				CLANG_WARN_ENUM_CONVERSION = YES;
				CLANG_WARN_INFINITE_RECURSION = YES;
				CLANG_WARN_INT_CONVERSION = YES;
				CLANG_WARN_NON_LITERAL_NULL_CONVERSION = YES;
				CLANG_WARN_OBJC_IMPLICIT_RETAIN_SELF = YES;
				CLANG_WARN_OBJC_LITERAL_CONVERSION = YES;
				CLANG_WARN_OBJC_ROOT_CLASS = YES_ERROR;
				CLANG_WARN_QUOTED_INCLUDE_IN_FRAMEWORK_HEADER = YES;
				CLANG_WARN_RANGE_LOOP_ANALYSIS = YES;
				CLANG_WARN_STRICT_PROTOTYPES = YES;
				CLANG_WARN_SUSPICIOUS_MOVE = YES;
				CLANG_WARN_UNGUARDED_AVAILABILITY = YES_AGGRESSIVE;
				CLANG_WARN_UNREACHABLE_CODE = YES;
				CLANG_WARN__DUPLICATE_METHOD_MATCH = YES;
				COPY_PHASE_STRIP = NO;
				DEBUG_INFORMATION_FORMAT = "dwarf-with-dsym";
				ENABLE_NS_ASSERTIONS = NO;
				ENABLE_STRICT_OBJC_MSGSEND = YES;
				ENABLE_USER_SCRIPT_SANDBOXING = YES;
				GCC_C_LANGUAGE_STANDARD = gnu17;
				GCC_NO_COMMON_BLOCKS = YES;
				GCC_WARN_64_TO_32_BIT_CONVERSION = YES;
				GCC_WARN_ABOUT_RETURN_TYPE = YES_ERROR;
				GCC_WARN_UNDECLARED_SELECTOR = YES;
				GCC_WARN_UNINITIALIZED_AUTOS = YES_AGGRESSIVE;
				GCC_WARN_UNUSED_FUNCTION = YES;
				GCC_WARN_UNUSED_VARIABLE = YES;
				IPHONEOS_DEPLOYMENT_TARGET = 17.2;
				LOCALIZATION_PREFERS_STRING_CATALOGS = YES;
				MTL_ENABLE_DEBUG_INFO = NO;
				MTL_FAST_MATH = YES;
				SDKROOT = iphoneos;
				SWIFT_COMPILATION_MODE = wholemodule;
				VALIDATE_PRODUCT = YES;
			};
			name = Release;
		};
		14AFB13D2B66AEBC0072E32A /* Debug */ = {
			isa = XCBuildConfiguration;
			buildSettings = {
				ASSETCATALOG_COMPILER_APPICON_NAME = AppIcon;
				ASSETCATALOG_COMPILER_GLOBAL_ACCENT_COLOR_NAME = AccentColor;
				CODE_SIGN_STYLE = Automatic;
				CURRENT_PROJECT_VERSION = 1;
				GENERATE_INFOPLIST_FILE = YES;
				INFOPLIST_FILE = PostGetRequest/Info.plist;
				INFOPLIST_KEY_UIApplicationSupportsIndirectInputEvents = YES;
				INFOPLIST_KEY_UILaunchStoryboardName = LaunchScreen;
				INFOPLIST_KEY_UIMainStoryboardFile = Main;
				INFOPLIST_KEY_UISupportedInterfaceOrientations_iPad = "UIInterfaceOrientationPortrait UIInterfaceOrientationPortraitUpsideDown UIInterfaceOrientationLandscapeLeft UIInterfaceOrientationLandscapeRight";
				INFOPLIST_KEY_UISupportedInterfaceOrientations_iPhone = "UIInterfaceOrientationPortrait UIInterfaceOrientationLandscapeLeft UIInterfaceOrientationLandscapeRight";
				LD_RUNPATH_SEARCH_PATHS = (
					"$(inherited)",
					"@executable_path/Frameworks",
				);
				MARKETING_VERSION = 1.0;
				PRODUCT_BUNDLE_IDENTIFIER = rusl.PostGetRequest;
				PRODUCT_NAME = "$(TARGET_NAME)";
				SWIFT_EMIT_LOC_STRINGS = YES;
				SWIFT_VERSION = 5.0;
				TARGETED_DEVICE_FAMILY = "1,2";
			};
			name = Debug;
		};
		14AFB13E2B66AEBC0072E32A /* Release */ = {
			isa = XCBuildConfiguration;
			buildSettings = {
				ASSETCATALOG_COMPILER_APPICON_NAME = AppIcon;
				ASSETCATALOG_COMPILER_GLOBAL_ACCENT_COLOR_NAME = AccentColor;
				CODE_SIGN_STYLE = Automatic;
				CURRENT_PROJECT_VERSION = 1;
				GENERATE_INFOPLIST_FILE = YES;
				INFOPLIST_FILE = PostGetRequest/Info.plist;
				INFOPLIST_KEY_UIApplicationSupportsIndirectInputEvents = YES;
				INFOPLIST_KEY_UILaunchStoryboardName = LaunchScreen;
				INFOPLIST_KEY_UIMainStoryboardFile = Main;
				INFOPLIST_KEY_UISupportedInterfaceOrientations_iPad = "UIInterfaceOrientationPortrait UIInterfaceOrientationPortraitUpsideDown UIInterfaceOrientationLandscapeLeft UIInterfaceOrientationLandscapeRight";
				INFOPLIST_KEY_UISupportedInterfaceOrientations_iPhone = "UIInterfaceOrientationPortrait UIInterfaceOrientationLandscapeLeft UIInterfaceOrientationLandscapeRight";
				LD_RUNPATH_SEARCH_PATHS = (
					"$(inherited)",
					"@executable_path/Frameworks",
				);
				MARKETING_VERSION = 1.0;
				PRODUCT_BUNDLE_IDENTIFIER = rusl.PostGetRequest;
				PRODUCT_NAME = "$(TARGET_NAME)";
				SWIFT_EMIT_LOC_STRINGS = YES;
				SWIFT_VERSION = 5.0;
				TARGETED_DEVICE_FAMILY = "1,2";
			};
			name = Release;
		};
		14AFB1402B66AEBC0072E32A /* Debug */ = {
			isa = XCBuildConfiguration;
			buildSettings = {
				ALWAYS_EMBED_SWIFT_STANDARD_LIBRARIES = YES;
				BUNDLE_LOADER = "$(TEST_HOST)";
				CODE_SIGN_STYLE = Automatic;
				CURRENT_PROJECT_VERSION = 1;
				GENERATE_INFOPLIST_FILE = YES;
				IPHONEOS_DEPLOYMENT_TARGET = 17.2;
				MARKETING_VERSION = 1.0;
				PRODUCT_BUNDLE_IDENTIFIER = rusl.PostGetRequestTests;
				PRODUCT_NAME = "$(TARGET_NAME)";
				SWIFT_EMIT_LOC_STRINGS = NO;
				SWIFT_VERSION = 5.0;
				TARGETED_DEVICE_FAMILY = "1,2";
				TEST_HOST = "$(BUILT_PRODUCTS_DIR)/PostGetRequest.app/$(BUNDLE_EXECUTABLE_FOLDER_PATH)/PostGetRequest";
			};
			name = Debug;
		};
		14AFB1412B66AEBC0072E32A /* Release */ = {
			isa = XCBuildConfiguration;
			buildSettings = {
				ALWAYS_EMBED_SWIFT_STANDARD_LIBRARIES = YES;
				BUNDLE_LOADER = "$(TEST_HOST)";
				CODE_SIGN_STYLE = Automatic;
				CURRENT_PROJECT_VERSION = 1;
				GENERATE_INFOPLIST_FILE = YES;
				IPHONEOS_DEPLOYMENT_TARGET = 17.2;
				MARKETING_VERSION = 1.0;
				PRODUCT_BUNDLE_IDENTIFIER = rusl.PostGetRequestTests;
				PRODUCT_NAME = "$(TARGET_NAME)";
				SWIFT_EMIT_LOC_STRINGS = NO;
				SWIFT_VERSION = 5.0;
				TARGETED_DEVICE_FAMILY = "1,2";
				TEST_HOST = "$(BUILT_PRODUCTS_DIR)/PostGetRequest.app/$(BUNDLE_EXECUTABLE_FOLDER_PATH)/PostGetRequest";
			};
			name = Release;
		};
		14AFB1432B66AEBC0072E32A /* Debug */ = {
			isa = XCBuildConfiguration;
			buildSettings = {
				ALWAYS_EMBED_SWIFT_STANDARD_LIBRARIES = YES;
				CODE_SIGN_STYLE = Automatic;
				CURRENT_PROJECT_VERSION = 1;
				GENERATE_INFOPLIST_FILE = YES;
				MARKETING_VERSION = 1.0;
				PRODUCT_BUNDLE_IDENTIFIER = rusl.PostGetRequestUITests;
				PRODUCT_NAME = "$(TARGET_NAME)";
				SWIFT_EMIT_LOC_STRINGS = NO;
				SWIFT_VERSION = 5.0;
				TARGETED_DEVICE_FAMILY = "1,2";
				TEST_TARGET_NAME = PostGetRequest;
			};
			name = Debug;
		};
		14AFB1442B66AEBC0072E32A /* Release */ = {
			isa = XCBuildConfiguration;
			buildSettings = {
				ALWAYS_EMBED_SWIFT_STANDARD_LIBRARIES = YES;
				CODE_SIGN_STYLE = Automatic;
				CURRENT_PROJECT_VERSION = 1;
				GENERATE_INFOPLIST_FILE = YES;
				MARKETING_VERSION = 1.0;
				PRODUCT_BUNDLE_IDENTIFIER = rusl.PostGetRequestUITests;
				PRODUCT_NAME = "$(TARGET_NAME)";
				SWIFT_EMIT_LOC_STRINGS = NO;
				SWIFT_VERSION = 5.0;
				TARGETED_DEVICE_FAMILY = "1,2";
				TEST_TARGET_NAME = PostGetRequest;
			};
			name = Release;
		};
/* End XCBuildConfiguration section */

/* Begin XCConfigurationList section */
		14AFB10D2B66AEBA0072E32A /* Build configuration list for PBXProject "PostGetRequest" */ = {
			isa = XCConfigurationList;
			buildConfigurations = (
				14AFB13A2B66AEBC0072E32A /* Debug */,
				14AFB13B2B66AEBC0072E32A /* Release */,
			);
			defaultConfigurationIsVisible = 0;
			defaultConfigurationName = Release;
		};
		14AFB13C2B66AEBC0072E32A /* Build configuration list for PBXNativeTarget "PostGetRequest" */ = {
			isa = XCConfigurationList;
			buildConfigurations = (
				14AFB13D2B66AEBC0072E32A /* Debug */,
				14AFB13E2B66AEBC0072E32A /* Release */,
			);
			defaultConfigurationIsVisible = 0;
			defaultConfigurationName = Release;
		};
		14AFB13F2B66AEBC0072E32A /* Build configuration list for PBXNativeTarget "PostGetRequestTests" */ = {
			isa = XCConfigurationList;
			buildConfigurations = (
				14AFB1402B66AEBC0072E32A /* Debug */,
				14AFB1412B66AEBC0072E32A /* Release */,
			);
			defaultConfigurationIsVisible = 0;
			defaultConfigurationName = Release;
		};
		14AFB1422B66AEBC0072E32A /* Build configuration list for PBXNativeTarget "PostGetRequestUITests" */ = {
			isa = XCConfigurationList;
			buildConfigurations = (
				14AFB1432B66AEBC0072E32A /* Debug */,
				14AFB1442B66AEBC0072E32A /* Release */,
			);
			defaultConfigurationIsVisible = 0;
			defaultConfigurationName = Release;
		};
/* End XCConfigurationList section */
	};
	rootObject = 14AFB10A2B66AEBA0072E32A /* Project object */;
}
