// !$*UTF8*$!
{
	archiveVersion = 1;
	classes = {
	};
	objectVersion = 56;
	objects = {

/* Begin PBXBuildFile section */
		14067B6A2B90CFE400A7775F /* FirebaseAuth in Frameworks */ = {isa = PBXBuildFile; productRef = 14067B692B90CFE400A7775F /* FirebaseAuth */; };
		14067B6C2B94999400A7775F /* UserProfile.swift in Sources */ = {isa = PBXBuildFile; fileRef = 14067B6B2B94999400A7775F /* UserProfile.swift */; };
		14067B6E2B94A1B200A7775F /* FirebaseDatabase in Frameworks */ = {isa = PBXBuildFile; productRef = 14067B6D2B94A1B200A7775F /* FirebaseDatabase */; };
		14067B702B94CC5C00A7775F /* CurrentUser.swift in Sources */ = {isa = PBXBuildFile; fileRef = 14067B6F2B94CC5C00A7775F /* CurrentUser.swift */; };
		14067B732B94DE6000A7775F /* GoogleSignIn in Frameworks */ = {isa = PBXBuildFile; productRef = 14067B722B94DE6000A7775F /* GoogleSignIn */; };
		14067B752B94DF7200A7775F /* GoogleService-Info.plist in Resources */ = {isa = PBXBuildFile; fileRef = 14067B742B94DF7200A7775F /* GoogleService-Info.plist */; };
		14067B762B94DF7200A7775F /* GoogleService-Info.plist in Resources */ = {isa = PBXBuildFile; fileRef = 14067B742B94DF7200A7775F /* GoogleService-Info.plist */; };
		14067B772B94DF7200A7775F /* GoogleService-Info.plist in Resources */ = {isa = PBXBuildFile; fileRef = 14067B742B94DF7200A7775F /* GoogleService-Info.plist */; };
		142EBC0A2B6AC35300A0BADB /* WebViewController.swift in Sources */ = {isa = PBXBuildFile; fileRef = 142EBC092B6AC35300A0BADB /* WebViewController.swift */; };
		142EBC0C2B6AC3A800A0BADB /* TableViewController.swift in Sources */ = {isa = PBXBuildFile; fileRef = 142EBC0B2B6AC3A800A0BADB /* TableViewController.swift */; };
		142EBC0E2B6AC81700A0BADB /* CourseCell.swift in Sources */ = {isa = PBXBuildFile; fileRef = 142EBC0D2B6AC81700A0BADB /* CourseCell.swift */; };
		142EBC102B6ACD4A00A0BADB /* Course.swift in Sources */ = {isa = PBXBuildFile; fileRef = 142EBC0F2B6ACD4A00A0BADB /* Course.swift */; };
		147195B12B8E72DE005EDE11 /* FirebaseAnalytics in Frameworks */ = {isa = PBXBuildFile; productRef = 147195B02B8E72DE005EDE11 /* FirebaseAnalytics */; };
		147195B32B8E72DE005EDE11 /* FirebaseAnalyticsOnDeviceConversion in Frameworks */ = {isa = PBXBuildFile; productRef = 147195B22B8E72DE005EDE11 /* FirebaseAnalyticsOnDeviceConversion */; };
		147195B52B8E72DE005EDE11 /* FirebaseAnalyticsSwift in Frameworks */ = {isa = PBXBuildFile; productRef = 147195B42B8E72DE005EDE11 /* FirebaseAnalyticsSwift */; };
		147195B72B8E72DE005EDE11 /* FirebaseAnalyticsWithoutAdIdSupport in Frameworks */ = {isa = PBXBuildFile; productRef = 147195B62B8E72DE005EDE11 /* FirebaseAnalyticsWithoutAdIdSupport */; };
		147195B92B8E72DE005EDE11 /* FirebaseAppCheck in Frameworks */ = {isa = PBXBuildFile; productRef = 147195B82B8E72DE005EDE11 /* FirebaseAppCheck */; };
		148A6A2F2B73AD4D00678A45 /* DataProvider.swift in Sources */ = {isa = PBXBuildFile; fileRef = 148A6A2E2B73AD4D00678A45 /* DataProvider.swift */; };
		14A94C182B729E2C006533C7 /* ImageProperties.swift in Sources */ = {isa = PBXBuildFile; fileRef = 14A94C172B729E2C006533C7 /* ImageProperties.swift */; };
		14AFB1162B66AEBA0072E32A /* AppDelegate.swift in Sources */ = {isa = PBXBuildFile; fileRef = 14AFB1152B66AEBA0072E32A /* AppDelegate.swift */; };
		14AFB1182B66AEBA0072E32A /* SceneDelegate.swift in Sources */ = {isa = PBXBuildFile; fileRef = 14AFB1172B66AEBA0072E32A /* SceneDelegate.swift */; };
		14AFB11D2B66AEBA0072E32A /* Main.storyboard in Resources */ = {isa = PBXBuildFile; fileRef = 14AFB11B2B66AEBA0072E32A /* Main.storyboard */; };
		14AFB11F2B66AEBB0072E32A /* Assets.xcassets in Resources */ = {isa = PBXBuildFile; fileRef = 14AFB11E2B66AEBB0072E32A /* Assets.xcassets */; };
		14AFB1222B66AEBB0072E32A /* LaunchScreen.storyboard in Resources */ = {isa = PBXBuildFile; fileRef = 14AFB1202B66AEBB0072E32A /* LaunchScreen.storyboard */; };
		14AFB12D2B66AEBC0072E32A /* PostGetRequestTests.swift in Sources */ = {isa = PBXBuildFile; fileRef = 14AFB12C2B66AEBC0072E32A /* PostGetRequestTests.swift */; };
		14AFB1372B66AEBC0072E32A /* PostGetRequestUITests.swift in Sources */ = {isa = PBXBuildFile; fileRef = 14AFB1362B66AEBC0072E32A /* PostGetRequestUITests.swift */; };
		14AFB1392B66AEBC0072E32A /* PostGetRequestUITestsLaunchTests.swift in Sources */ = {isa = PBXBuildFile; fileRef = 14AFB1382B66AEBC0072E32A /* PostGetRequestUITestsLaunchTests.swift */; };
		14AFB1462B66AF730072E32A /* ImageViewController.swift in Sources */ = {isa = PBXBuildFile; fileRef = 14AFB1452B66AF730072E32A /* ImageViewController.swift */; };
		14B1481A2B7A7DC500B06F4D /* Alamofire in Frameworks */ = {isa = PBXBuildFile; productRef = 14B148192B7A7DC500B06F4D /* Alamofire */; };
		14B1481C2B7A903C00B06F4D /* AlamofireNetworkRequest.swift in Sources */ = {isa = PBXBuildFile; fileRef = 14B1481B2B7A903C00B06F4D /* AlamofireNetworkRequest.swift */; };
		14FEA5F62B8675FF003D120D /* LoginViewController.swift in Sources */ = {isa = PBXBuildFile; fileRef = 14FEA5F52B8675FF003D120D /* LoginViewController.swift */; };
		14FEA5FA2B868803003D120D /* FacebookCore in Frameworks */ = {isa = PBXBuildFile; productRef = 14FEA5F92B868803003D120D /* FacebookCore */; };
		14FEA5FC2B868803003D120D /* FacebookLogin in Frameworks */ = {isa = PBXBuildFile; productRef = 14FEA5FB2B868803003D120D /* FacebookLogin */; };
		14FEA5FE2B87BA03003D120D /* UserProfileVC.swift in Sources */ = {isa = PBXBuildFile; fileRef = 14FEA5FD2B87BA03003D120D /* UserProfileVC.swift */; };
		14FED28D2B714F1500525093 /* MainViewController.swift in Sources */ = {isa = PBXBuildFile; fileRef = 14FED28C2B714F1500525093 /* MainViewController.swift */; };
		14FED28F2B714F2800525093 /* CollectionViewCell.swift in Sources */ = {isa = PBXBuildFile; fileRef = 14FED28E2B714F2800525093 /* CollectionViewCell.swift */; };
		14FED2912B715DB300525093 /* NetworkManager.swift in Sources */ = {isa = PBXBuildFile; fileRef = 14FED2902B715DB300525093 /* NetworkManager.swift */; };
/* End PBXBuildFile section */

/* Begin PBXContainerItemProxy section */
		14AFB1292B66AEBC0072E32A /* PBXContainerItemProxy */ = {
			isa = PBXContainerItemProxy;
			containerPortal = 14AFB10A2B66AEBA0072E32A /* Project object */;
			proxyType = 1;
			remoteGlobalIDString = 14AFB1112B66AEBA0072E32A;
			remoteInfo = PostGetRequest;
		};
		14AFB1332B66AEBC0072E32A /* PBXContainerItemProxy */ = {
			isa = PBXContainerItemProxy;
			containerPortal = 14AFB10A2B66AEBA0072E32A /* Project object */;
			proxyType = 1;
			remoteGlobalIDString = 14AFB1112B66AEBA0072E32A;
			remoteInfo = PostGetRequest;
		};
/* End PBXContainerItemProxy section */

/* Begin PBXFileReference section */
		14067B6B2B94999400A7775F /* UserProfile.swift */ = {isa = PBXFileReference; lastKnownFileType = sourcecode.swift; path = UserProfile.swift; sourceTree = "<group>"; };
		14067B6F2B94CC5C00A7775F /* CurrentUser.swift */ = {isa = PBXFileReference; lastKnownFileType = sourcecode.swift; path = CurrentUser.swift; sourceTree = "<group>"; };
		14067B742B94DF7200A7775F /* GoogleService-Info.plist */ = {isa = PBXFileReference; fileEncoding = 4; lastKnownFileType = text.plist.xml; name = "GoogleService-Info.plist"; path = "../../../../Downloads/GoogleService-Info.plist"; sourceTree = "<group>"; };
		142EBC092B6AC35300A0BADB /* WebViewController.swift */ = {isa = PBXFileReference; lastKnownFileType = sourcecode.swift; path = WebViewController.swift; sourceTree = "<group>"; };
		142EBC0B2B6AC3A800A0BADB /* TableViewController.swift */ = {isa = PBXFileReference; lastKnownFileType = sourcecode.swift; path = TableViewController.swift; sourceTree = "<group>"; };
		142EBC0D2B6AC81700A0BADB /* CourseCell.swift */ = {isa = PBXFileReference; lastKnownFileType = sourcecode.swift; path = CourseCell.swift; sourceTree = "<group>"; };
		142EBC0F2B6ACD4A00A0BADB /* Course.swift */ = {isa = PBXFileReference; lastKnownFileType = sourcecode.swift; path = Course.swift; sourceTree = "<group>"; };
		148A6A2E2B73AD4D00678A45 /* DataProvider.swift */ = {isa = PBXFileReference; lastKnownFileType = sourcecode.swift; path = DataProvider.swift; sourceTree = "<group>"; };
		14A94C172B729E2C006533C7 /* ImageProperties.swift */ = {isa = PBXFileReference; lastKnownFileType = sourcecode.swift; path = ImageProperties.swift; sourceTree = "<group>"; };
		14AFB1122B66AEBA0072E32A /* PostGetRequest.app */ = {isa = PBXFileReference; explicitFileType = wrapper.application; includeInIndex = 0; path = PostGetRequest.app; sourceTree = BUILT_PRODUCTS_DIR; };
		14AFB1152B66AEBA0072E32A /* AppDelegate.swift */ = {isa = PBXFileReference; lastKnownFileType = sourcecode.swift; path = AppDelegate.swift; sourceTree = "<group>"; };
		14AFB1172B66AEBA0072E32A /* SceneDelegate.swift */ = {isa = PBXFileReference; lastKnownFileType = sourcecode.swift; path = SceneDelegate.swift; sourceTree = "<group>"; };
		14AFB11C2B66AEBA0072E32A /* Base */ = {isa = PBXFileReference; lastKnownFileType = file.storyboard; name = Base; path = Base.lproj/Main.storyboard; sourceTree = "<group>"; };
		14AFB11E2B66AEBB0072E32A /* Assets.xcassets */ = {isa = PBXFileReference; lastKnownFileType = folder.assetcatalog; path = Assets.xcassets; sourceTree = "<group>"; };
		14AFB1212B66AEBB0072E32A /* Base */ = {isa = PBXFileReference; lastKnownFileType = file.storyboard; name = Base; path = Base.lproj/LaunchScreen.storyboard; sourceTree = "<group>"; };
		14AFB1232B66AEBB0072E32A /* Info.plist */ = {isa = PBXFileReference; lastKnownFileType = text.plist.xml; path = Info.plist; sourceTree = "<group>"; };
		14AFB1282B66AEBC0072E32A /* PostGetRequestTests.xctest */ = {isa = PBXFileReference; explicitFileType = wrapper.cfbundle; includeInIndex = 0; path = PostGetRequestTests.xctest; sourceTree = BUILT_PRODUCTS_DIR; };
		14AFB12C2B66AEBC0072E32A /* PostGetRequestTests.swift */ = {isa = PBXFileReference; lastKnownFileType = sourcecode.swift; path = PostGetRequestTests.swift; sourceTree = "<group>"; };
		14AFB1322B66AEBC0072E32A /* PostGetRequestUITests.xctest */ = {isa = PBXFileReference; explicitFileType = wrapper.cfbundle; includeInIndex = 0; path = PostGetRequestUITests.xctest; sourceTree = BUILT_PRODUCTS_DIR; };
		14AFB1362B66AEBC0072E32A /* PostGetRequestUITests.swift */ = {isa = PBXFileReference; lastKnownFileType = sourcecode.swift; path = PostGetRequestUITests.swift; sourceTree = "<group>"; };
		14AFB1382B66AEBC0072E32A /* PostGetRequestUITestsLaunchTests.swift */ = {isa = PBXFileReference; lastKnownFileType = sourcecode.swift; path = PostGetRequestUITestsLaunchTests.swift; sourceTree = "<group>"; };
		14AFB1452B66AF730072E32A /* ImageViewController.swift */ = {isa = PBXFileReference; lastKnownFileType = sourcecode.swift; path = ImageViewController.swift; sourceTree = "<group>"; };
		14B1481B2B7A903C00B06F4D /* AlamofireNetworkRequest.swift */ = {isa = PBXFileReference; lastKnownFileType = sourcecode.swift; path = AlamofireNetworkRequest.swift; sourceTree = "<group>"; };
		14FEA5F52B8675FF003D120D /* LoginViewController.swift */ = {isa = PBXFileReference; lastKnownFileType = sourcecode.swift; name = LoginViewController.swift; path = PostGetRequest/Controller/LoginViewController.swift; sourceTree = SOURCE_ROOT; };
		14FEA5F72B8678E0003D120D /* PostGetRequest.entitlements */ = {isa = PBXFileReference; lastKnownFileType = text.plist.entitlements; path = PostGetRequest.entitlements; sourceTree = "<group>"; };
		14FEA5FD2B87BA03003D120D /* UserProfileVC.swift */ = {isa = PBXFileReference; lastKnownFileType = sourcecode.swift; path = UserProfileVC.swift; sourceTree = "<group>"; };
		14FED28C2B714F1500525093 /* MainViewController.swift */ = {isa = PBXFileReference; lastKnownFileType = sourcecode.swift; path = MainViewController.swift; sourceTree = "<group>"; };
		14FED28E2B714F2800525093 /* CollectionViewCell.swift */ = {isa = PBXFileReference; lastKnownFileType = sourcecode.swift; path = CollectionViewCell.swift; sourceTree = "<group>"; };
		14FED2902B715DB300525093 /* NetworkManager.swift */ = {isa = PBXFileReference; lastKnownFileType = sourcecode.swift; path = NetworkManager.swift; sourceTree = "<group>"; };
/* End PBXFileReference section */

/* Begin PBXFrameworksBuildPhase section */
		14AFB10F2B66AEBA0072E32A /* Frameworks */ = {
			isa = PBXFrameworksBuildPhase;
			buildActionMask = 2147483647;
			files = (
				14067B6E2B94A1B200A7775F /* FirebaseDatabase in Frameworks */,
				147195B92B8E72DE005EDE11 /* FirebaseAppCheck in Frameworks */,
				14067B732B94DE6000A7775F /* GoogleSignIn in Frameworks */,
				147195B52B8E72DE005EDE11 /* FirebaseAnalyticsSwift in Frameworks */,
				14B1481A2B7A7DC500B06F4D /* Alamofire in Frameworks */,
				14FEA5FA2B868803003D120D /* FacebookCore in Frameworks */,
				14067B6A2B90CFE400A7775F /* FirebaseAuth in Frameworks */,
				147195B32B8E72DE005EDE11 /* FirebaseAnalyticsOnDeviceConversion in Frameworks */,
				147195B72B8E72DE005EDE11 /* FirebaseAnalyticsWithoutAdIdSupport in Frameworks */,
				147195B12B8E72DE005EDE11 /* FirebaseAnalytics in Frameworks */,
				14FEA5FC2B868803003D120D /* FacebookLogin in Frameworks */,
			);
			runOnlyForDeploymentPostprocessing = 0;
		};
		14AFB1252B66AEBC0072E32A /* Frameworks */ = {
			isa = PBXFrameworksBuildPhase;
			buildActionMask = 2147483647;
			files = (
			);
			runOnlyForDeploymentPostprocessing = 0;
		};
		14AFB12F2B66AEBC0072E32A /* Frameworks */ = {
			isa = PBXFrameworksBuildPhase;
			buildActionMask = 2147483647;
			files = (
			);
			runOnlyForDeploymentPostprocessing = 0;
		};
/* End PBXFrameworksBuildPhase section */

/* Begin PBXGroup section */
		14067B682B90CFE400A7775F /* Frameworks */ = {
			isa = PBXGroup;
			children = (
			);
			name = Frameworks;
			sourceTree = "<group>";
		};
		142EBC132B6C0F1E00A0BADB /* Model */ = {
			isa = PBXGroup;
			children = (
				142EBC0F2B6ACD4A00A0BADB /* Course.swift */,
				14A94C172B729E2C006533C7 /* ImageProperties.swift */,
				14067B6B2B94999400A7775F /* UserProfile.swift */,
				14067B6F2B94CC5C00A7775F /* CurrentUser.swift */,
			);
			path = Model;
			sourceTree = "<group>";
		};
		142EBC142B6C0F3500A0BADB /* Controller */ = {
			isa = PBXGroup;
			children = (
				14FED28C2B714F1500525093 /* MainViewController.swift */,
				142EBC0B2B6AC3A800A0BADB /* TableViewController.swift */,
				142EBC092B6AC35300A0BADB /* WebViewController.swift */,
				14AFB1452B66AF730072E32A /* ImageViewController.swift */,
				14FEA5F52B8675FF003D120D /* LoginViewController.swift */,
				14FEA5FD2B87BA03003D120D /* UserProfileVC.swift */,
			);
			path = Controller;
			sourceTree = "<group>";
		};
		142EBC152B6C0F5D00A0BADB /* View */ = {
			isa = PBXGroup;
			children = (
				14FED28E2B714F2800525093 /* CollectionViewCell.swift */,
				142EBC0D2B6AC81700A0BADB /* CourseCell.swift */,
			);
			path = View;
			sourceTree = "<group>";
		};
		142EBC162B6C0F8600A0BADB /* Support */ = {
			isa = PBXGroup;
			children = (
				14B1481B2B7A903C00B06F4D /* AlamofireNetworkRequest.swift */,
				14FED2902B715DB300525093 /* NetworkManager.swift */,
				148A6A2E2B73AD4D00678A45 /* DataProvider.swift */,
				14AFB1152B66AEBA0072E32A /* AppDelegate.swift */,
				14AFB1172B66AEBA0072E32A /* SceneDelegate.swift */,
				14AFB11E2B66AEBB0072E32A /* Assets.xcassets */,
				14AFB11B2B66AEBA0072E32A /* Main.storyboard */,
				14AFB1202B66AEBB0072E32A /* LaunchScreen.storyboard */,
				14AFB1232B66AEBB0072E32A /* Info.plist */,
				14067B742B94DF7200A7775F /* GoogleService-Info.plist */,
			);
			path = Support;
			sourceTree = "<group>";
		};
		14AFB1092B66AEBA0072E32A = {
			isa = PBXGroup;
			children = (
				14AFB1142B66AEBA0072E32A /* PostGetRequest */,
				14AFB12B2B66AEBC0072E32A /* PostGetRequestTests */,
				14AFB1352B66AEBC0072E32A /* PostGetRequestUITests */,
				14AFB1132B66AEBA0072E32A /* Products */,
				14067B682B90CFE400A7775F /* Frameworks */,
			);
			sourceTree = "<group>";
		};
		14AFB1132B66AEBA0072E32A /* Products */ = {
			isa = PBXGroup;
			children = (
				14AFB1122B66AEBA0072E32A /* PostGetRequest.app */,
				14AFB1282B66AEBC0072E32A /* PostGetRequestTests.xctest */,
				14AFB1322B66AEBC0072E32A /* PostGetRequestUITests.xctest */,
			);
			name = Products;
			sourceTree = "<group>";
		};
		14AFB1142B66AEBA0072E32A /* PostGetRequest */ = {
			isa = PBXGroup;
			children = (
				14FEA5F72B8678E0003D120D /* PostGetRequest.entitlements */,
				142EBC142B6C0F3500A0BADB /* Controller */,
				142EBC132B6C0F1E00A0BADB /* Model */,
				142EBC152B6C0F5D00A0BADB /* View */,
				142EBC162B6C0F8600A0BADB /* Support */,
			);
			path = PostGetRequest;
			sourceTree = "<group>";
		};
		14AFB12B2B66AEBC0072E32A /* PostGetRequestTests */ = {
			isa = PBXGroup;
			children = (
				14AFB12C2B66AEBC0072E32A /* PostGetRequestTests.swift */,
			);
			path = PostGetRequestTests;
			sourceTree = "<group>";
		};
		14AFB1352B66AEBC0072E32A /* PostGetRequestUITests */ = {
			isa = PBXGroup;
			children = (
				14AFB1362B66AEBC0072E32A /* PostGetRequestUITests.swift */,
				14AFB1382B66AEBC0072E32A /* PostGetRequestUITestsLaunchTests.swift */,
			);
			path = PostGetRequestUITests;
			sourceTree = "<group>";
		};
/* End PBXGroup section */

/* Begin PBXNativeTarget section */
		14AFB1112B66AEBA0072E32A /* PostGetRequest */ = {
			isa = PBXNativeTarget;
			buildConfigurationList = 14AFB13C2B66AEBC0072E32A /* Build configuration list for PBXNativeTarget "PostGetRequest" */;
			buildPhases = (
				14AFB10E2B66AEBA0072E32A /* Sources */,
				14AFB10F2B66AEBA0072E32A /* Frameworks */,
				14AFB1102B66AEBA0072E32A /* Resources */,
			);
			buildRules = (
			);
			dependencies = (
			);
			name = PostGetRequest;
			packageProductDependencies = (
				14B148192B7A7DC500B06F4D /* Alamofire */,
				14FEA5F92B868803003D120D /* FacebookCore */,
				14FEA5FB2B868803003D120D /* FacebookLogin */,
				147195B02B8E72DE005EDE11 /* FirebaseAnalytics */,
				147195B22B8E72DE005EDE11 /* FirebaseAnalyticsOnDeviceConversion */,
				147195B42B8E72DE005EDE11 /* FirebaseAnalyticsSwift */,
				147195B62B8E72DE005EDE11 /* FirebaseAnalyticsWithoutAdIdSupport */,
				147195B82B8E72DE005EDE11 /* FirebaseAppCheck */,
				14067B692B90CFE400A7775F /* FirebaseAuth */,
				14067B6D2B94A1B200A7775F /* FirebaseDatabase */,
				14067B722B94DE6000A7775F /* GoogleSignIn */,
			);
			productName = PostGetRequest;
			productReference = 14AFB1122B66AEBA0072E32A /* PostGetRequest.app */;
			productType = "com.apple.product-type.application";
		};
		14AFB1272B66AEBC0072E32A /* PostGetRequestTests */ = {
			isa = PBXNativeTarget;
			buildConfigurationList = 14AFB13F2B66AEBC0072E32A /* Build configuration list for PBXNativeTarget "PostGetRequestTests" */;
			buildPhases = (
				14AFB1242B66AEBC0072E32A /* Sources */,
				14AFB1252B66AEBC0072E32A /* Frameworks */,
				14AFB1262B66AEBC0072E32A /* Resources */,
			);
			buildRules = (
			);
			dependencies = (
				14AFB12A2B66AEBC0072E32A /* PBXTargetDependency */,
			);
			name = PostGetRequestTests;
			productName = PostGetRequestTests;
			productReference = 14AFB1282B66AEBC0072E32A /* PostGetRequestTests.xctest */;
			productType = "com.apple.product-type.bundle.unit-test";
		};
		14AFB1312B66AEBC0072E32A /* PostGetRequestUITests */ = {
			isa = PBXNativeTarget;
			buildConfigurationList = 14AFB1422B66AEBC0072E32A /* Build configuration list for PBXNativeTarget "PostGetRequestUITests" */;
			buildPhases = (
				14AFB12E2B66AEBC0072E32A /* Sources */,
				14AFB12F2B66AEBC0072E32A /* Frameworks */,
				14AFB1302B66AEBC0072E32A /* Resources */,
			);
			buildRules = (
			);
			dependencies = (
				14AFB1342B66AEBC0072E32A /* PBXTargetDependency */,
			);
			name = PostGetRequestUITests;
			productName = PostGetRequestUITests;
			productReference = 14AFB1322B66AEBC0072E32A /* PostGetRequestUITests.xctest */;
			productType = "com.apple.product-type.bundle.ui-testing";
		};
/* End PBXNativeTarget section */

/* Begin PBXProject section */
		14AFB10A2B66AEBA0072E32A /* Project object */ = {
			isa = PBXProject;
			attributes = {
				BuildIndependentTargetsInParallel = 1;
				LastSwiftUpdateCheck = 1510;
				LastUpgradeCheck = 1510;
				TargetAttributes = {
					14AFB1112B66AEBA0072E32A = {
						CreatedOnToolsVersion = 15.1;
					};
					14AFB1272B66AEBC0072E32A = {
						CreatedOnToolsVersion = 15.1;
						TestTargetID = 14AFB1112B66AEBA0072E32A;
					};
					14AFB1312B66AEBC0072E32A = {
						CreatedOnToolsVersion = 15.1;
						TestTargetID = 14AFB1112B66AEBA0072E32A;
					};
				};
			};
			buildConfigurationList = 14AFB10D2B66AEBA0072E32A /* Build configuration list for PBXProject "PostGetRequest" */;
			compatibilityVersion = "Xcode 14.0";
			developmentRegion = en;
			hasScannedForEncodings = 0;
			knownRegions = (
				en,
				Base,
			);
			mainGroup = 14AFB1092B66AEBA0072E32A;
			packageReferences = (
				14B148182B7A7DC500B06F4D /* XCRemoteSwiftPackageReference "Alamofire" */,
				14FEA5F82B868803003D120D /* XCRemoteSwiftPackageReference "facebook-ios-sdk" */,
				147195AF2B8E72DE005EDE11 /* XCRemoteSwiftPackageReference "firebase-ios-sdk" */,
				14067B712B94DE6000A7775F /* XCRemoteSwiftPackageReference "GoogleSignIn-iOS" */,
			);
			productRefGroup = 14AFB1132B66AEBA0072E32A /* Products */;
			projectDirPath = "";
			projectRoot = "";
			targets = (
				14AFB1112B66AEBA0072E32A /* PostGetRequest */,
				14AFB1272B66AEBC0072E32A /* PostGetRequestTests */,
				14AFB1312B66AEBC0072E32A /* PostGetRequestUITests */,
			);
		};
/* End PBXProject section */

/* Begin PBXResourcesBuildPhase section */
		14AFB1102B66AEBA0072E32A /* Resources */ = {
			isa = PBXResourcesBuildPhase;
			buildActionMask = 2147483647;
			files = (
				14AFB1222B66AEBB0072E32A /* LaunchScreen.storyboard in Resources */,
				14AFB11F2B66AEBB0072E32A /* Assets.xcassets in Resources */,
				14067B752B94DF7200A7775F /* GoogleService-Info.plist in Resources */,
				14AFB11D2B66AEBA0072E32A /* Main.storyboard in Resources */,
			);
			runOnlyForDeploymentPostprocessing = 0;
		};
		14AFB1262B66AEBC0072E32A /* Resources */ = {
			isa = PBXResourcesBuildPhase;
			buildActionMask = 2147483647;
			files = (
				14067B762B94DF7200A7775F /* GoogleService-Info.plist in Resources */,
			);
			runOnlyForDeploymentPostprocessing = 0;
		};
		14AFB1302B66AEBC0072E32A /* Resources */ = {
			isa = PBXResourcesBuildPhase;
			buildActionMask = 2147483647;
			files = (
				14067B772B94DF7200A7775F /* GoogleService-Info.plist in Resources */,
			);
			runOnlyForDeploymentPostprocessing = 0;
		};
/* End PBXResourcesBuildPhase section */

/* Begin PBXSourcesBuildPhase section */
		14AFB10E2B66AEBA0072E32A /* Sources */ = {
			isa = PBXSourcesBuildPhase;
			buildActionMask = 2147483647;
			files = (
				14FEA5F62B8675FF003D120D /* LoginViewController.swift in Sources */,
				14A94C182B729E2C006533C7 /* ImageProperties.swift in Sources */,
				14FED28F2B714F2800525093 /* CollectionViewCell.swift in Sources */,
				14B1481C2B7A903C00B06F4D /* AlamofireNetworkRequest.swift in Sources */,
				14FED28D2B714F1500525093 /* MainViewController.swift in Sources */,
				142EBC102B6ACD4A00A0BADB /* Course.swift in Sources */,
				14FED2912B715DB300525093 /* NetworkManager.swift in Sources */,
				142EBC0C2B6AC3A800A0BADB /* TableViewController.swift in Sources */,
				14FEA5FE2B87BA03003D120D /* UserProfileVC.swift in Sources */,
				148A6A2F2B73AD4D00678A45 /* DataProvider.swift in Sources */,
				142EBC0A2B6AC35300A0BADB /* WebViewController.swift in Sources */,
				14067B702B94CC5C00A7775F /* CurrentUser.swift in Sources */,
				142EBC0E2B6AC81700A0BADB /* CourseCell.swift in Sources */,
				14067B6C2B94999400A7775F /* UserProfile.swift in Sources */,
				14AFB1162B66AEBA0072E32A /* AppDelegate.swift in Sources */,
				14AFB1462B66AF730072E32A /* ImageViewController.swift in Sources */,
				14AFB1182B66AEBA0072E32A /* SceneDelegate.swift in Sources */,
			);
			runOnlyForDeploymentPostprocessing = 0;
		};
		14AFB1242B66AEBC0072E32A /* Sources */ = {
			isa = PBXSourcesBuildPhase;
			buildActionMask = 2147483647;
			files = (
				14AFB12D2B66AEBC0072E32A /* PostGetRequestTests.swift in Sources */,
			);
			runOnlyForDeploymentPostprocessing = 0;
		};
		14AFB12E2B66AEBC0072E32A /* Sources */ = {
			isa = PBXSourcesBuildPhase;
			buildActionMask = 2147483647;
			files = (
				14AFB1372B66AEBC0072E32A /* PostGetRequestUITests.swift in Sources */,
				14AFB1392B66AEBC0072E32A /* PostGetRequestUITestsLaunchTests.swift in Sources */,
			);
			runOnlyForDeploymentPostprocessing = 0;
		};
/* End PBXSourcesBuildPhase section */

/* Begin PBXTargetDependency section */
		14AFB12A2B66AEBC0072E32A /* PBXTargetDependency */ = {
			isa = PBXTargetDependency;
			target = 14AFB1112B66AEBA0072E32A /* PostGetRequest */;
			targetProxy = 14AFB1292B66AEBC0072E32A /* PBXContainerItemProxy */;
		};
		14AFB1342B66AEBC0072E32A /* PBXTargetDependency */ = {
			isa = PBXTargetDependency;
			target = 14AFB1112B66AEBA0072E32A /* PostGetRequest */;
			targetProxy = 14AFB1332B66AEBC0072E32A /* PBXContainerItemProxy */;
		};
/* End PBXTargetDependency section */

/* Begin PBXVariantGroup section */
		14AFB11B2B66AEBA0072E32A /* Main.storyboard */ = {
			isa = PBXVariantGroup;
			children = (
				14AFB11C2B66AEBA0072E32A /* Base */,
			);
			name = Main.storyboard;
			sourceTree = "<group>";
		};
		14AFB1202B66AEBB0072E32A /* LaunchScreen.storyboard */ = {
			isa = PBXVariantGroup;
			children = (
				14AFB1212B66AEBB0072E32A /* Base */,
			);
			name = LaunchScreen.storyboard;
			sourceTree = "<group>";
		};
/* End PBXVariantGroup section */

/* Begin XCBuildConfiguration section */
		14AFB13A2B66AEBC0072E32A /* Debug */ = {
			isa = XCBuildConfiguration;
			buildSettings = {
				ALWAYS_SEARCH_USER_PATHS = NO;
				ASSETCATALOG_COMPILER_GENERATE_SWIFT_ASSET_SYMBOL_EXTENSIONS = YES;
				CLANG_ANALYZER_NONNULL = YES;
				CLANG_ANALYZER_NUMBER_OBJECT_CONVERSION = YES_AGGRESSIVE;
				CLANG_CXX_LANGUAGE_STANDARD = "gnu++20";
				CLANG_ENABLE_MODULES = YES;
				CLANG_ENABLE_OBJC_ARC = YES;
				CLANG_ENABLE_OBJC_WEAK = YES;
				CLANG_WARN_BLOCK_CAPTURE_AUTORELEASING = YES;
				CLANG_WARN_BOOL_CONVERSION = YES;
				CLANG_WARN_COMMA = YES;
				CLANG_WARN_CONSTANT_CONVERSION = YES;
				CLANG_WARN_DEPRECATED_OBJC_IMPLEMENTATIONS = YES;
				CLANG_WARN_DIRECT_OBJC_ISA_USAGE = YES_ERROR;
				CLANG_WARN_DOCUMENTATION_COMMENTS = YES;
				CLANG_WARN_EMPTY_BODY = YES;
				CLANG_WARN_ENUM_CONVERSION = YES;
				CLANG_WARN_INFINITE_RECURSION = YES;
				CLANG_WARN_INT_CONVERSION = YES;
				CLANG_WARN_NON_LITERAL_NULL_CONVERSION = YES;
				CLANG_WARN_OBJC_IMPLICIT_RETAIN_SELF = YES;
				CLANG_WARN_OBJC_LITERAL_CONVERSION = YES;
				CLANG_WARN_OBJC_ROOT_CLASS = YES_ERROR;
				CLANG_WARN_QUOTED_INCLUDE_IN_FRAMEWORK_HEADER = YES;
				CLANG_WARN_RANGE_LOOP_ANALYSIS = YES;
				CLANG_WARN_STRICT_PROTOTYPES = YES;
				CLANG_WARN_SUSPICIOUS_MOVE = YES;
				CLANG_WARN_UNGUARDED_AVAILABILITY = YES_AGGRESSIVE;
				CLANG_WARN_UNREACHABLE_CODE = YES;
				CLANG_WARN__DUPLICATE_METHOD_MATCH = YES;
				COPY_PHASE_STRIP = NO;
				DEBUG_INFORMATION_FORMAT = dwarf;
				ENABLE_STRICT_OBJC_MSGSEND = YES;
				ENABLE_TESTABILITY = YES;
				ENABLE_USER_SCRIPT_SANDBOXING = YES;
				GCC_C_LANGUAGE_STANDARD = gnu17;
				GCC_DYNAMIC_NO_PIC = NO;
				GCC_NO_COMMON_BLOCKS = YES;
				GCC_OPTIMIZATION_LEVEL = 0;
				GCC_PREPROCESSOR_DEFINITIONS = (
					"DEBUG=1",
					"$(inherited)",
				);
				GCC_WARN_64_TO_32_BIT_CONVERSION = YES;
				GCC_WARN_ABOUT_RETURN_TYPE = YES_ERROR;
				GCC_WARN_UNDECLARED_SELECTOR = YES;
				GCC_WARN_UNINITIALIZED_AUTOS = YES_AGGRESSIVE;
				GCC_WARN_UNUSED_FUNCTION = YES;
				GCC_WARN_UNUSED_VARIABLE = YES;
				IPHONEOS_DEPLOYMENT_TARGET = 17.2;
				LOCALIZATION_PREFERS_STRING_CATALOGS = YES;
				MTL_ENABLE_DEBUG_INFO = INCLUDE_SOURCE;
				MTL_FAST_MATH = YES;
				ONLY_ACTIVE_ARCH = YES;
				SDKROOT = iphoneos;
				SWIFT_ACTIVE_COMPILATION_CONDITIONS = "DEBUG $(inherited)";
				SWIFT_OPTIMIZATION_LEVEL = "-Onone";
			};
			name = Debug;
		};
		14AFB13B2B66AEBC0072E32A /* Release */ = {
			isa = XCBuildConfiguration;
			buildSettings = {
				ALWAYS_SEARCH_USER_PATHS = NO;
				ASSETCATALOG_COMPILER_GENERATE_SWIFT_ASSET_SYMBOL_EXTENSIONS = YES;
				CLANG_ANALYZER_NONNULL = YES;
				CLANG_ANALYZER_NUMBER_OBJECT_CONVERSION = YES_AGGRESSIVE;
				CLANG_CXX_LANGUAGE_STANDARD = "gnu++20";
				CLANG_ENABLE_MODULES = YES;
				CLANG_ENABLE_OBJC_ARC = YES;
				CLANG_ENABLE_OBJC_WEAK = YES;
				CLANG_WARN_BLOCK_CAPTURE_AUTORELEASING = YES;
				CLANG_WARN_BOOL_CONVERSION = YES;
				CLANG_WARN_COMMA = YES;
				CLANG_WARN_CONSTANT_CONVERSION = YES;
				CLANG_WARN_DEPRECATED_OBJC_IMPLEMENTATIONS = YES;
				CLANG_WARN_DIRECT_OBJC_ISA_USAGE = YES_ERROR;
				CLANG_WARN_DOCUMENTATION_COMMENTS = YES;
				CLANG_WARN_EMPTY_BODY = YES;
				CLANG_WARN_ENUM_CONVERSION = YES;
				CLANG_WARN_INFINITE_RECURSION = YES;
				CLANG_WARN_INT_CONVERSION = YES;
				CLANG_WARN_NON_LITERAL_NULL_CONVERSION = YES;
				CLANG_WARN_OBJC_IMPLICIT_RETAIN_SELF = YES;
				CLANG_WARN_OBJC_LITERAL_CONVERSION = YES;
				CLANG_WARN_OBJC_ROOT_CLASS = YES_ERROR;
				CLANG_WARN_QUOTED_INCLUDE_IN_FRAMEWORK_HEADER = YES;
				CLANG_WARN_RANGE_LOOP_ANALYSIS = YES;
				CLANG_WARN_STRICT_PROTOTYPES = YES;
				CLANG_WARN_SUSPICIOUS_MOVE = YES;
				CLANG_WARN_UNGUARDED_AVAILABILITY = YES_AGGRESSIVE;
				CLANG_WARN_UNREACHABLE_CODE = YES;
				CLANG_WARN__DUPLICATE_METHOD_MATCH = YES;
				COPY_PHASE_STRIP = NO;
				DEBUG_INFORMATION_FORMAT = "dwarf-with-dsym";
				ENABLE_NS_ASSERTIONS = NO;
				ENABLE_STRICT_OBJC_MSGSEND = YES;
				ENABLE_USER_SCRIPT_SANDBOXING = YES;
				GCC_C_LANGUAGE_STANDARD = gnu17;
				GCC_NO_COMMON_BLOCKS = YES;
				GCC_WARN_64_TO_32_BIT_CONVERSION = YES;
				GCC_WARN_ABOUT_RETURN_TYPE = YES_ERROR;
				GCC_WARN_UNDECLARED_SELECTOR = YES;
				GCC_WARN_UNINITIALIZED_AUTOS = YES_AGGRESSIVE;
				GCC_WARN_UNUSED_FUNCTION = YES;
				GCC_WARN_UNUSED_VARIABLE = YES;
				IPHONEOS_DEPLOYMENT_TARGET = 17.2;
				LOCALIZATION_PREFERS_STRING_CATALOGS = YES;
				MTL_ENABLE_DEBUG_INFO = NO;
				MTL_FAST_MATH = YES;
				SDKROOT = iphoneos;
				SWIFT_COMPILATION_MODE = wholemodule;
				VALIDATE_PRODUCT = YES;
			};
			name = Release;
		};
		14AFB13D2B66AEBC0072E32A /* Debug */ = {
			isa = XCBuildConfiguration;
			buildSettings = {
				ASSETCATALOG_COMPILER_APPICON_NAME = AppIcon;
				ASSETCATALOG_COMPILER_GLOBAL_ACCENT_COLOR_NAME = AccentColor;
				CODE_SIGN_ENTITLEMENTS = PostGetRequest/PostGetRequest.entitlements;
				CODE_SIGN_STYLE = Automatic;
				CURRENT_PROJECT_VERSION = 1;
				GENERATE_INFOPLIST_FILE = YES;
				INFOPLIST_FILE = PostGetRequest/Support/Info.plist;
				INFOPLIST_KEY_UIApplicationSupportsIndirectInputEvents = YES;
				INFOPLIST_KEY_UILaunchStoryboardName = LaunchScreen;
				INFOPLIST_KEY_UIMainStoryboardFile = Main;
				INFOPLIST_KEY_UISupportedInterfaceOrientations_iPad = "UIInterfaceOrientationPortrait UIInterfaceOrientationPortraitUpsideDown UIInterfaceOrientationLandscapeLeft UIInterfaceOrientationLandscapeRight";
				INFOPLIST_KEY_UISupportedInterfaceOrientations_iPhone = "UIInterfaceOrientationPortrait UIInterfaceOrientationLandscapeLeft UIInterfaceOrientationLandscapeRight";
				LD_RUNPATH_SEARCH_PATHS = (
					"$(inherited)",
					"@executable_path/Frameworks",
				);
				MARKETING_VERSION = 1.0;
				PRODUCT_BUNDLE_IDENTIFIER = rusl.PostGetRequest;
				PRODUCT_NAME = "$(TARGET_NAME)";
				SWIFT_EMIT_LOC_STRINGS = YES;
				SWIFT_VERSION = 5.0;
				TARGETED_DEVICE_FAMILY = "1,2";
			};
			name = Debug;
		};
		14AFB13E2B66AEBC0072E32A /* Release */ = {
			isa = XCBuildConfiguration;
			buildSettings = {
				ASSETCATALOG_COMPILER_APPICON_NAME = AppIcon;
				ASSETCATALOG_COMPILER_GLOBAL_ACCENT_COLOR_NAME = AccentColor;
				CODE_SIGN_ENTITLEMENTS = PostGetRequest/PostGetRequest.entitlements;
				CODE_SIGN_STYLE = Automatic;
				CURRENT_PROJECT_VERSION = 1;
				GENERATE_INFOPLIST_FILE = YES;
				INFOPLIST_FILE = PostGetRequest/Support/Info.plist;
				INFOPLIST_KEY_UIApplicationSupportsIndirectInputEvents = YES;
				INFOPLIST_KEY_UILaunchStoryboardName = LaunchScreen;
				INFOPLIST_KEY_UIMainStoryboardFile = Main;
				INFOPLIST_KEY_UISupportedInterfaceOrientations_iPad = "UIInterfaceOrientationPortrait UIInterfaceOrientationPortraitUpsideDown UIInterfaceOrientationLandscapeLeft UIInterfaceOrientationLandscapeRight";
				INFOPLIST_KEY_UISupportedInterfaceOrientations_iPhone = "UIInterfaceOrientationPortrait UIInterfaceOrientationLandscapeLeft UIInterfaceOrientationLandscapeRight";
				LD_RUNPATH_SEARCH_PATHS = (
					"$(inherited)",
					"@executable_path/Frameworks",
				);
				MARKETING_VERSION = 1.0;
				PRODUCT_BUNDLE_IDENTIFIER = rusl.PostGetRequest;
				PRODUCT_NAME = "$(TARGET_NAME)";
				SWIFT_EMIT_LOC_STRINGS = YES;
				SWIFT_VERSION = 5.0;
				TARGETED_DEVICE_FAMILY = "1,2";
			};
			name = Release;
		};
		14AFB1402B66AEBC0072E32A /* Debug */ = {
			isa = XCBuildConfiguration;
			buildSettings = {
				ALWAYS_EMBED_SWIFT_STANDARD_LIBRARIES = YES;
				BUNDLE_LOADER = "$(TEST_HOST)";
				CODE_SIGN_STYLE = Automatic;
				CURRENT_PROJECT_VERSION = 1;
				GENERATE_INFOPLIST_FILE = YES;
				IPHONEOS_DEPLOYMENT_TARGET = 17.2;
				MARKETING_VERSION = 1.0;
				PRODUCT_BUNDLE_IDENTIFIER = rusl.PostGetRequestTests;
				PRODUCT_NAME = "$(TARGET_NAME)";
				SWIFT_EMIT_LOC_STRINGS = NO;
				SWIFT_VERSION = 5.0;
				TARGETED_DEVICE_FAMILY = "1,2";
				TEST_HOST = "$(BUILT_PRODUCTS_DIR)/PostGetRequest.app/$(BUNDLE_EXECUTABLE_FOLDER_PATH)/PostGetRequest";
			};
			name = Debug;
		};
		14AFB1412B66AEBC0072E32A /* Release */ = {
			isa = XCBuildConfiguration;
			buildSettings = {
				ALWAYS_EMBED_SWIFT_STANDARD_LIBRARIES = YES;
				BUNDLE_LOADER = "$(TEST_HOST)";
				CODE_SIGN_STYLE = Automatic;
				CURRENT_PROJECT_VERSION = 1;
				GENERATE_INFOPLIST_FILE = YES;
				IPHONEOS_DEPLOYMENT_TARGET = 17.2;
				MARKETING_VERSION = 1.0;
				PRODUCT_BUNDLE_IDENTIFIER = rusl.PostGetRequestTests;
				PRODUCT_NAME = "$(TARGET_NAME)";
				SWIFT_EMIT_LOC_STRINGS = NO;
				SWIFT_VERSION = 5.0;
				TARGETED_DEVICE_FAMILY = "1,2";
				TEST_HOST = "$(BUILT_PRODUCTS_DIR)/PostGetRequest.app/$(BUNDLE_EXECUTABLE_FOLDER_PATH)/PostGetRequest";
			};
			name = Release;
		};
		14AFB1432B66AEBC0072E32A /* Debug */ = {
			isa = XCBuildConfiguration;
			buildSettings = {
				ALWAYS_EMBED_SWIFT_STANDARD_LIBRARIES = YES;
				CODE_SIGN_STYLE = Automatic;
				CURRENT_PROJECT_VERSION = 1;
				GENERATE_INFOPLIST_FILE = YES;
				MARKETING_VERSION = 1.0;
				PRODUCT_BUNDLE_IDENTIFIER = rusl.PostGetRequestUITests;
				PRODUCT_NAME = "$(TARGET_NAME)";
				SWIFT_EMIT_LOC_STRINGS = NO;
				SWIFT_VERSION = 5.0;
				TARGETED_DEVICE_FAMILY = "1,2";
				TEST_TARGET_NAME = PostGetRequest;
			};
			name = Debug;
		};
		14AFB1442B66AEBC0072E32A /* Release */ = {
			isa = XCBuildConfiguration;
			buildSettings = {
				ALWAYS_EMBED_SWIFT_STANDARD_LIBRARIES = YES;
				CODE_SIGN_STYLE = Automatic;
				CURRENT_PROJECT_VERSION = 1;
				GENERATE_INFOPLIST_FILE = YES;
				MARKETING_VERSION = 1.0;
				PRODUCT_BUNDLE_IDENTIFIER = rusl.PostGetRequestUITests;
				PRODUCT_NAME = "$(TARGET_NAME)";
				SWIFT_EMIT_LOC_STRINGS = NO;
				SWIFT_VERSION = 5.0;
				TARGETED_DEVICE_FAMILY = "1,2";
				TEST_TARGET_NAME = PostGetRequest;
			};
			name = Release;
		};
/* End XCBuildConfiguration section */

/* Begin XCConfigurationList section */
		14AFB10D2B66AEBA0072E32A /* Build configuration list for PBXProject "PostGetRequest" */ = {
			isa = XCConfigurationList;
			buildConfigurations = (
				14AFB13A2B66AEBC0072E32A /* Debug */,
				14AFB13B2B66AEBC0072E32A /* Release */,
			);
			defaultConfigurationIsVisible = 0;
			defaultConfigurationName = Release;
		};
		14AFB13C2B66AEBC0072E32A /* Build configuration list for PBXNativeTarget "PostGetRequest" */ = {
			isa = XCConfigurationList;
			buildConfigurations = (
				14AFB13D2B66AEBC0072E32A /* Debug */,
				14AFB13E2B66AEBC0072E32A /* Release */,
			);
			defaultConfigurationIsVisible = 0;
			defaultConfigurationName = Release;
		};
		14AFB13F2B66AEBC0072E32A /* Build configuration list for PBXNativeTarget "PostGetRequestTests" */ = {
			isa = XCConfigurationList;
			buildConfigurations = (
				14AFB1402B66AEBC0072E32A /* Debug */,
				14AFB1412B66AEBC0072E32A /* Release */,
			);
			defaultConfigurationIsVisible = 0;
			defaultConfigurationName = Release;
		};
		14AFB1422B66AEBC0072E32A /* Build configuration list for PBXNativeTarget "PostGetRequestUITests" */ = {
			isa = XCConfigurationList;
			buildConfigurations = (
				14AFB1432B66AEBC0072E32A /* Debug */,
				14AFB1442B66AEBC0072E32A /* Release */,
			);
			defaultConfigurationIsVisible = 0;
			defaultConfigurationName = Release;
		};
/* End XCConfigurationList section */

/* Begin XCRemoteSwiftPackageReference section */
		14067B712B94DE6000A7775F /* XCRemoteSwiftPackageReference "GoogleSignIn-iOS" */ = {
			isa = XCRemoteSwiftPackageReference;
			repositoryURL = "https://github.com/google/GoogleSignIn-iOS";
			requirement = {
				kind = upToNextMajorVersion;
				minimumVersion = 7.0.0;
			};
		};
		147195AF2B8E72DE005EDE11 /* XCRemoteSwiftPackageReference "firebase-ios-sdk" */ = {
			isa = XCRemoteSwiftPackageReference;
			repositoryURL = "https://github.com/firebase/firebase-ios-sdk";
			requirement = {
				kind = upToNextMajorVersion;
				minimumVersion = 10.21.0;
			};
		};
		14B148182B7A7DC500B06F4D /* XCRemoteSwiftPackageReference "Alamofire" */ = {
			isa = XCRemoteSwiftPackageReference;
			repositoryURL = "https://github.com/Alamofire/Alamofire";
			requirement = {
				kind = upToNextMajorVersion;
				minimumVersion = 5.8.1;
			};
		};
		14FEA5F82B868803003D120D /* XCRemoteSwiftPackageReference "facebook-ios-sdk" */ = {
			isa = XCRemoteSwiftPackageReference;
			repositoryURL = "https://github.com/facebook/facebook-ios-sdk";
			requirement = {
				kind = upToNextMajorVersion;
				minimumVersion = 14.1.0;
			};
		};
/* End XCRemoteSwiftPackageReference section */

/* Begin XCSwiftPackageProductDependency section */
		14067B692B90CFE400A7775F /* FirebaseAuth */ = {
			isa = XCSwiftPackageProductDependency;
			package = 147195AF2B8E72DE005EDE11 /* XCRemoteSwiftPackageReference "firebase-ios-sdk" */;
			productName = FirebaseAuth;
		};
		14067B6D2B94A1B200A7775F /* FirebaseDatabase */ = {
			isa = XCSwiftPackageProductDependency;
			package = 147195AF2B8E72DE005EDE11 /* XCRemoteSwiftPackageReference "firebase-ios-sdk" */;
			productName = FirebaseDatabase;
		};
		14067B722B94DE6000A7775F /* GoogleSignIn */ = {
			isa = XCSwiftPackageProductDependency;
			package = 14067B712B94DE6000A7775F /* XCRemoteSwiftPackageReference "GoogleSignIn-iOS" */;
			productName = GoogleSignIn;
		};
		147195B02B8E72DE005EDE11 /* FirebaseAnalytics */ = {
			isa = XCSwiftPackageProductDependency;
			package = 147195AF2B8E72DE005EDE11 /* XCRemoteSwiftPackageReference "firebase-ios-sdk" */;
			productName = FirebaseAnalytics;
		};
		147195B22B8E72DE005EDE11 /* FirebaseAnalyticsOnDeviceConversion */ = {
			isa = XCSwiftPackageProductDependency;
			package = 147195AF2B8E72DE005EDE11 /* XCRemoteSwiftPackageReference "firebase-ios-sdk" */;
			productName = FirebaseAnalyticsOnDeviceConversion;
		};
		147195B42B8E72DE005EDE11 /* FirebaseAnalyticsSwift */ = {
			isa = XCSwiftPackageProductDependency;
			package = 147195AF2B8E72DE005EDE11 /* XCRemoteSwiftPackageReference "firebase-ios-sdk" */;
			productName = FirebaseAnalyticsSwift;
		};
		147195B62B8E72DE005EDE11 /* FirebaseAnalyticsWithoutAdIdSupport */ = {
			isa = XCSwiftPackageProductDependency;
			package = 147195AF2B8E72DE005EDE11 /* XCRemoteSwiftPackageReference "firebase-ios-sdk" */;
			productName = FirebaseAnalyticsWithoutAdIdSupport;
		};
		147195B82B8E72DE005EDE11 /* FirebaseAppCheck */ = {
			isa = XCSwiftPackageProductDependency;
			package = 147195AF2B8E72DE005EDE11 /* XCRemoteSwiftPackageReference "firebase-ios-sdk" */;
			productName = FirebaseAppCheck;
		};
		14B148192B7A7DC500B06F4D /* Alamofire */ = {
			isa = XCSwiftPackageProductDependency;
			package = 14B148182B7A7DC500B06F4D /* XCRemoteSwiftPackageReference "Alamofire" */;
			productName = Alamofire;
		};
		14FEA5F92B868803003D120D /* FacebookCore */ = {
			isa = XCSwiftPackageProductDependency;
			package = 14FEA5F82B868803003D120D /* XCRemoteSwiftPackageReference "facebook-ios-sdk" */;
			productName = FacebookCore;
		};
		14FEA5FB2B868803003D120D /* FacebookLogin */ = {
			isa = XCSwiftPackageProductDependency;
			package = 14FEA5F82B868803003D120D /* XCRemoteSwiftPackageReference "facebook-ios-sdk" */;
			productName = FacebookLogin;
		};
/* End XCSwiftPackageProductDependency section */
	};
	rootObject = 14AFB10A2B66AEBA0072E32A /* Project object */;
}
